// !$*UTF8*$!
{
	archiveVersion = 1;
	classes = {
	};
	objectVersion = 46;
	objects = {

/* Begin PBXBuildFile section */
		D3B4662A16B6801B00F0CEDD /* UIKit.framework in Frameworks */ = {isa = PBXBuildFile; fileRef = D3B4662916B6801B00F0CEDD /* UIKit.framework */; };
		D3B4662C16B6801B00F0CEDD /* Foundation.framework in Frameworks */ = {isa = PBXBuildFile; fileRef = D3B4662B16B6801B00F0CEDD /* Foundation.framework */; };
		D3B4662E16B6801B00F0CEDD /* CoreGraphics.framework in Frameworks */ = {isa = PBXBuildFile; fileRef = D3B4662D16B6801B00F0CEDD /* CoreGraphics.framework */; };
		D3B4663416B6801B00F0CEDD /* InfoPlist.strings in Resources */ = {isa = PBXBuildFile; fileRef = D3B4663216B6801B00F0CEDD /* InfoPlist.strings */; };
		D3B4663616B6801B00F0CEDD /* main.m in Sources */ = {isa = PBXBuildFile; fileRef = D3B4663516B6801B00F0CEDD /* main.m */; };
		D3B4663A16B6801B00F0CEDD /* V1AppDelegate.m in Sources */ = {isa = PBXBuildFile; fileRef = D3B4663916B6801B00F0CEDD /* V1AppDelegate.m */; };
		D3B4663D16B6801B00F0CEDD /* V1ViewController.m in Sources */ = {isa = PBXBuildFile; fileRef = D3B4663C16B6801B00F0CEDD /* V1ViewController.m */; };
		D3B4664016B6801B00F0CEDD /* V1ViewController.xib in Resources */ = {isa = PBXBuildFile; fileRef = D3B4663E16B6801B00F0CEDD /* V1ViewController.xib */; };
		D3B4664916B681C600F0CEDD /* Table.m in Sources */ = {isa = PBXBuildFile; fileRef = D3B4664716B681C500F0CEDD /* Table.m */; };
		D3B4664A16B681C600F0CEDD /* Table.xib in Resources */ = {isa = PBXBuildFile; fileRef = D3B4664816B681C500F0CEDD /* Table.xib */; };
		D3B4664E16B6892F00F0CEDD /* Order.m in Sources */ = {isa = PBXBuildFile; fileRef = D3B4664C16B6892F00F0CEDD /* Order.m */; };
		D3B4664F16B6892F00F0CEDD /* Order.xib in Resources */ = {isa = PBXBuildFile; fileRef = D3B4664D16B6892F00F0CEDD /* Order.xib */; };
		D3B4665216B6917E00F0CEDD /* Storage.m in Sources */ = {isa = PBXBuildFile; fileRef = D3B4665116B6917D00F0CEDD /* Storage.m */; };
		D3B4665916B69A7C00F0CEDD /* Storages.m in Sources */ = {isa = PBXBuildFile; fileRef = D3B4665816B69A7B00F0CEDD /* Storages.m */; };
/* End PBXBuildFile section */

/* Begin PBXFileReference section */
		D3B4662516B6801B00F0CEDD /* V1.app */ = {isa = PBXFileReference; explicitFileType = wrapper.application; includeInIndex = 0; path = V1.app; sourceTree = BUILT_PRODUCTS_DIR; };
		D3B4662916B6801B00F0CEDD /* UIKit.framework */ = {isa = PBXFileReference; lastKnownFileType = wrapper.framework; name = UIKit.framework; path = System/Library/Frameworks/UIKit.framework; sourceTree = SDKROOT; };
		D3B4662B16B6801B00F0CEDD /* Foundation.framework */ = {isa = PBXFileReference; lastKnownFileType = wrapper.framework; name = Foundation.framework; path = System/Library/Frameworks/Foundation.framework; sourceTree = SDKROOT; };
		D3B4662D16B6801B00F0CEDD /* CoreGraphics.framework */ = {isa = PBXFileReference; lastKnownFileType = wrapper.framework; name = CoreGraphics.framework; path = System/Library/Frameworks/CoreGraphics.framework; sourceTree = SDKROOT; };
		D3B4663116B6801B00F0CEDD /* V1-Info.plist */ = {isa = PBXFileReference; lastKnownFileType = text.plist.xml; path = "V1-Info.plist"; sourceTree = "<group>"; };
		D3B4663316B6801B00F0CEDD /* en */ = {isa = PBXFileReference; lastKnownFileType = text.plist.strings; name = en; path = en.lproj/InfoPlist.strings; sourceTree = "<group>"; };
		D3B4663516B6801B00F0CEDD /* main.m */ = {isa = PBXFileReference; lastKnownFileType = sourcecode.c.objc; path = main.m; sourceTree = "<group>"; };
		D3B4663716B6801B00F0CEDD /* V1-Prefix.pch */ = {isa = PBXFileReference; lastKnownFileType = sourcecode.c.h; path = "V1-Prefix.pch"; sourceTree = "<group>"; };
		D3B4663816B6801B00F0CEDD /* V1AppDelegate.h */ = {isa = PBXFileReference; lastKnownFileType = sourcecode.c.h; path = V1AppDelegate.h; sourceTree = "<group>"; };
		D3B4663916B6801B00F0CEDD /* V1AppDelegate.m */ = {isa = PBXFileReference; lastKnownFileType = sourcecode.c.objc; path = V1AppDelegate.m; sourceTree = "<group>"; };
		D3B4663B16B6801B00F0CEDD /* V1ViewController.h */ = {isa = PBXFileReference; lastKnownFileType = sourcecode.c.h; path = V1ViewController.h; sourceTree = "<group>"; };
		D3B4663C16B6801B00F0CEDD /* V1ViewController.m */ = {isa = PBXFileReference; lastKnownFileType = sourcecode.c.objc; path = V1ViewController.m; sourceTree = "<group>"; };
		D3B4663F16B6801B00F0CEDD /* en */ = {isa = PBXFileReference; lastKnownFileType = file.xib; name = en; path = en.lproj/V1ViewController.xib; sourceTree = "<group>"; };
		D3B4664616B681C500F0CEDD /* Table.h */ = {isa = PBXFileReference; fileEncoding = 4; lastKnownFileType = sourcecode.c.h; path = Table.h; sourceTree = "<group>"; };
		D3B4664716B681C500F0CEDD /* Table.m */ = {isa = PBXFileReference; fileEncoding = 4; lastKnownFileType = sourcecode.c.objc; path = Table.m; sourceTree = "<group>"; };
		D3B4664816B681C500F0CEDD /* Table.xib */ = {isa = PBXFileReference; fileEncoding = 4; lastKnownFileType = file.xib; path = Table.xib; sourceTree = "<group>"; };
		D3B4664B16B6892F00F0CEDD /* Order.h */ = {isa = PBXFileReference; fileEncoding = 4; lastKnownFileType = sourcecode.c.h; path = Order.h; sourceTree = "<group>"; };
		D3B4664C16B6892F00F0CEDD /* Order.m */ = {isa = PBXFileReference; fileEncoding = 4; lastKnownFileType = sourcecode.c.objc; path = Order.m; sourceTree = "<group>"; };
		D3B4664D16B6892F00F0CEDD /* Order.xib */ = {isa = PBXFileReference; fileEncoding = 4; lastKnownFileType = file.xib; path = Order.xib; sourceTree = "<group>"; };
		D3B4665016B6917D00F0CEDD /* Storage.h */ = {isa = PBXFileReference; fileEncoding = 4; lastKnownFileType = sourcecode.c.h; path = Storage.h; sourceTree = "<group>"; };
		D3B4665116B6917D00F0CEDD /* Storage.m */ = {isa = PBXFileReference; fileEncoding = 4; lastKnownFileType = sourcecode.c.objc; path = Storage.m; sourceTree = "<group>"; };
		D3B4665716B69A7B00F0CEDD /* Storages.h */ = {isa = PBXFileReference; fileEncoding = 4; lastKnownFileType = sourcecode.c.h; path = Storages.h; sourceTree = "<group>"; };
		D3B4665816B69A7B00F0CEDD /* Storages.m */ = {isa = PBXFileReference; fileEncoding = 4; lastKnownFileType = sourcecode.c.objc; path = Storages.m; sourceTree = "<group>"; };
/* End PBXFileReference section */

/* Begin PBXFrameworksBuildPhase section */
		D3B4662216B6801B00F0CEDD /* Frameworks */ = {
			isa = PBXFrameworksBuildPhase;
			buildActionMask = 2147483647;
			files = (
				D3B4662A16B6801B00F0CEDD /* UIKit.framework in Frameworks */,
				D3B4662C16B6801B00F0CEDD /* Foundation.framework in Frameworks */,
				D3B4662E16B6801B00F0CEDD /* CoreGraphics.framework in Frameworks */,
			);
			runOnlyForDeploymentPostprocessing = 0;
		};
/* End PBXFrameworksBuildPhase section */

/* Begin PBXGroup section */
		D3B4661A16B6801B00F0CEDD = {
			isa = PBXGroup;
			children = (
				D3B4662F16B6801B00F0CEDD /* V1 */,
				D3B4662816B6801B00F0CEDD /* Frameworks */,
				D3B4662616B6801B00F0CEDD /* Products */,
			);
			sourceTree = "<group>";
		};
		D3B4662616B6801B00F0CEDD /* Products */ = {
			isa = PBXGroup;
			children = (
				D3B4662516B6801B00F0CEDD /* V1.app */,
			);
			name = Products;
			sourceTree = "<group>";
		};
		D3B4662816B6801B00F0CEDD /* Frameworks */ = {
			isa = PBXGroup;
			children = (
				D3B4662916B6801B00F0CEDD /* UIKit.framework */,
				D3B4662B16B6801B00F0CEDD /* Foundation.framework */,
				D3B4662D16B6801B00F0CEDD /* CoreGraphics.framework */,
			);
			name = Frameworks;
			sourceTree = "<group>";
		};
		D3B4662F16B6801B00F0CEDD /* V1 */ = {
			isa = PBXGroup;
			children = (
				D3B4663816B6801B00F0CEDD /* V1AppDelegate.h */,
				D3B4663916B6801B00F0CEDD /* V1AppDelegate.m */,
				D3B4663B16B6801B00F0CEDD /* V1ViewController.h */,
				D3B4663C16B6801B00F0CEDD /* V1ViewController.m */,
				D3B4663E16B6801B00F0CEDD /* V1ViewController.xib */,
				D3B4664616B681C500F0CEDD /* Table.h */,
				D3B4664716B681C500F0CEDD /* Table.m */,
				D3B4664816B681C500F0CEDD /* Table.xib */,
				D3B4664B16B6892F00F0CEDD /* Order.h */,
				D3B4664C16B6892F00F0CEDD /* Order.m */,
				D3B4664D16B6892F00F0CEDD /* Order.xib */,
				D3B4665016B6917D00F0CEDD /* Storage.h */,
				D3B4665116B6917D00F0CEDD /* Storage.m */,
				D3B4665716B69A7B00F0CEDD /* Storages.h */,
				D3B4665816B69A7B00F0CEDD /* Storages.m */,
				D3B4663016B6801B00F0CEDD /* Supporting Files */,
			);
			path = V1;
			sourceTree = "<group>";
		};
		D3B4663016B6801B00F0CEDD /* Supporting Files */ = {
			isa = PBXGroup;
			children = (
				D3B4663116B6801B00F0CEDD /* V1-Info.plist */,
				D3B4663216B6801B00F0CEDD /* InfoPlist.strings */,
				D3B4663516B6801B00F0CEDD /* main.m */,
				D3B4663716B6801B00F0CEDD /* V1-Prefix.pch */,
			);
			name = "Supporting Files";
			sourceTree = "<group>";
		};
/* End PBXGroup section */

/* Begin PBXNativeTarget section */
		D3B4662416B6801B00F0CEDD /* V1 */ = {
			isa = PBXNativeTarget;
			buildConfigurationList = D3B4664316B6801B00F0CEDD /* Build configuration list for PBXNativeTarget "V1" */;
			buildPhases = (
				D3B4662116B6801B00F0CEDD /* Sources */,
				D3B4662216B6801B00F0CEDD /* Frameworks */,
				D3B4662316B6801B00F0CEDD /* Resources */,
			);
			buildRules = (
			);
			dependencies = (
			);
			name = V1;
			productName = V1;
			productReference = D3B4662516B6801B00F0CEDD /* V1.app */;
			productType = "com.apple.product-type.application";
		};
/* End PBXNativeTarget section */

/* Begin PBXProject section */
		D3B4661C16B6801B00F0CEDD /* Project object */ = {
			isa = PBXProject;
			attributes = {
				CLASSPREFIX = V1;
				LastUpgradeCheck = 0430;
			};
			buildConfigurationList = D3B4661F16B6801B00F0CEDD /* Build configuration list for PBXProject "V1" */;
			compatibilityVersion = "Xcode 3.2";
			developmentRegion = English;
			hasScannedForEncodings = 0;
			knownRegions = (
				en,
			);
			mainGroup = D3B4661A16B6801B00F0CEDD;
			productRefGroup = D3B4662616B6801B00F0CEDD /* Products */;
			projectDirPath = "";
			projectRoot = "";
			targets = (
				D3B4662416B6801B00F0CEDD /* V1 */,
			);
		};
/* End PBXProject section */

/* Begin PBXResourcesBuildPhase section */
		D3B4662316B6801B00F0CEDD /* Resources */ = {
			isa = PBXResourcesBuildPhase;
			buildActionMask = 2147483647;
			files = (
				D3B4663416B6801B00F0CEDD /* InfoPlist.strings in Resources */,
				D3B4664016B6801B00F0CEDD /* V1ViewController.xib in Resources */,
				D3B4664A16B681C600F0CEDD /* Table.xib in Resources */,
				D3B4664F16B6892F00F0CEDD /* Order.xib in Resources */,
			);
			runOnlyForDeploymentPostprocessing = 0;
		};
/* End PBXResourcesBuildPhase section */

/* Begin PBXSourcesBuildPhase section */
		D3B4662116B6801B00F0CEDD /* Sources */ = {
			isa = PBXSourcesBuildPhase;
			buildActionMask = 2147483647;
			files = (
				D3B4663616B6801B00F0CEDD /* main.m in Sources */,
				D3B4663A16B6801B00F0CEDD /* V1AppDelegate.m in Sources */,
				D3B4663D16B6801B00F0CEDD /* V1ViewController.m in Sources */,
				D3B4664916B681C600F0CEDD /* Table.m in Sources */,
				D3B4664E16B6892F00F0CEDD /* Order.m in Sources */,
				D3B4665216B6917E00F0CEDD /* Storage.m in Sources */,
				D3B4665916B69A7C00F0CEDD /* Storages.m in Sources */,
			);
			runOnlyForDeploymentPostprocessing = 0;
		};
/* End PBXSourcesBuildPhase section */

/* Begin PBXVariantGroup section */
		D3B4663216B6801B00F0CEDD /* InfoPlist.strings */ = {
			isa = PBXVariantGroup;
			children = (
				D3B4663316B6801B00F0CEDD /* en */,
			);
			name = InfoPlist.strings;
			sourceTree = "<group>";
		};
		D3B4663E16B6801B00F0CEDD /* V1ViewController.xib */ = {
			isa = PBXVariantGroup;
			children = (
				D3B4663F16B6801B00F0CEDD /* en */,
			);
			name = V1ViewController.xib;
			sourceTree = "<group>";
		};
/* End PBXVariantGroup section */

/* Begin XCBuildConfiguration section */
		D3B4664116B6801B00F0CEDD /* Debug */ = {
			isa = XCBuildConfiguration;
			buildSettings = {
				ALWAYS_SEARCH_USER_PATHS = NO;
				ARCHS = "$(ARCHS_STANDARD_32_BIT)";
				CLANG_ENABLE_OBJC_ARC = YES;
				"CODE_SIGN_IDENTITY[sdk=iphoneos*]" = "iPhone Developer";
				COPY_PHASE_STRIP = NO;
				GCC_C_LANGUAGE_STANDARD = gnu99;
				GCC_DYNAMIC_NO_PIC = NO;
				GCC_OPTIMIZATION_LEVEL = 0;
				GCC_PREPROCESSOR_DEFINITIONS = (
					"DEBUG=1",
					"$(inherited)",
				);
				GCC_SYMBOLS_PRIVATE_EXTERN = NO;
				GCC_VERSION = com.apple.compilers.llvm.clang.1_0;
				GCC_WARN_ABOUT_RETURN_TYPE = YES;
				GCC_WARN_UNINITIALIZED_AUTOS = YES;
				GCC_WARN_UNUSED_VARIABLE = YES;
				IPHONEOS_DEPLOYMENT_TARGET = 5.1;
				SDKROOT = iphoneos;
			};
			name = Debug;
		};
		D3B4664216B6801B00F0CEDD /* Release */ = {
			isa = XCBuildConfiguration;
			buildSettings = {
				ALWAYS_SEARCH_USER_PATHS = NO;
				ARCHS = "$(ARCHS_STANDARD_32_BIT)";
				CLANG_ENABLE_OBJC_ARC = YES;
				"CODE_SIGN_IDENTITY[sdk=iphoneos*]" = "iPhone Developer";
				COPY_PHASE_STRIP = YES;
				GCC_C_LANGUAGE_STANDARD = gnu99;
				GCC_VERSION = com.apple.compilers.llvm.clang.1_0;
				GCC_WARN_ABOUT_RETURN_TYPE = YES;
				GCC_WARN_UNINITIALIZED_AUTOS = YES;
				GCC_WARN_UNUSED_VARIABLE = YES;
				IPHONEOS_DEPLOYMENT_TARGET = 5.1;
				OTHER_CFLAGS = "-DNS_BLOCK_ASSERTIONS=1";
				SDKROOT = iphoneos;
				VALIDATE_PRODUCT = YES;
			};
			name = Release;
		};
		D3B4664416B6801B00F0CEDD /* Debug */ = {
			isa = XCBuildConfiguration;
			buildSettings = {
				GCC_PRECOMPILE_PREFIX_HEADER = YES;
				GCC_PREFIX_HEADER = "V1/V1-Prefix.pch";
				INFOPLIST_FILE = "V1/V1-Info.plist";
				PRODUCT_NAME = "$(TARGET_NAME)";
				WRAPPER_EXTENSION = app;
			};
			name = Debug;
		};
		D3B4664516B6801B00F0CEDD /* Release */ = {
			isa = XCBuildConfiguration;
			buildSettings = {
				GCC_PRECOMPILE_PREFIX_HEADER = YES;
				GCC_PREFIX_HEADER = "V1/V1-Prefix.pch";
				INFOPLIST_FILE = "V1/V1-Info.plist";
				PRODUCT_NAME = "$(TARGET_NAME)";
				WRAPPER_EXTENSION = app;
			};
			name = Release;
		};
/* End XCBuildConfiguration section */

/* Begin XCConfigurationList section */
		D3B4661F16B6801B00F0CEDD /* Build configuration list for PBXProject "V1" */ = {
			isa = XCConfigurationList;
			buildConfigurations = (
				D3B4664116B6801B00F0CEDD /* Debug */,
				D3B4664216B6801B00F0CEDD /* Release */,
			);
			defaultConfigurationIsVisible = 0;
			defaultConfigurationName = Release;
		};
		D3B4664316B6801B00F0CEDD /* Build configuration list for PBXNativeTarget "V1" */ = {
			isa = XCConfigurationList;
			buildConfigurations = (
				D3B4664416B6801B00F0CEDD /* Debug */,
				D3B4664516B6801B00F0CEDD /* Release */,
			);
			defaultConfigurationIsVisible = 0;
		};
/* End XCConfigurationList section */
	};
	rootObject = D3B4661C16B6801B00F0CEDD /* Project object */;
}
